// !$*UTF8*$!
{
	archiveVersion = 1;
	classes = {
	};
	objectVersion = 50;
	objects = {

/* Begin PBXBuildFile section */
		9B6D532F241C4A5900E15754 /* AppDelegate.swift in Sources */ = {isa = PBXBuildFile; fileRef = 9B6D532E241C4A5900E15754 /* AppDelegate.swift */; };
		9B6D5331241C4A5900E15754 /* SceneDelegate.swift in Sources */ = {isa = PBXBuildFile; fileRef = 9B6D5330241C4A5900E15754 /* SceneDelegate.swift */; };
		9B6D5333241C4A5900E15754 /* ViewController.swift in Sources */ = {isa = PBXBuildFile; fileRef = 9B6D5332241C4A5900E15754 /* ViewController.swift */; };
		9B6D5336241C4A5900E15754 /* Main.storyboard in Resources */ = {isa = PBXBuildFile; fileRef = 9B6D5334241C4A5900E15754 /* Main.storyboard */; };
		9B6D5338241C4A6300E15754 /* Assets.xcassets in Resources */ = {isa = PBXBuildFile; fileRef = 9B6D5337241C4A6300E15754 /* Assets.xcassets */; };
		9B6D533B241C4A6300E15754 /* LaunchScreen.storyboard in Resources */ = {isa = PBXBuildFile; fileRef = 9B6D5339241C4A6300E15754 /* LaunchScreen.storyboard */; };
		9B6D5346241C4A6400E15754 /* ParstagramTests.swift in Sources */ = {isa = PBXBuildFile; fileRef = 9B6D5345241C4A6400E15754 /* ParstagramTests.swift */; };
		9B6D5351241C4A6400E15754 /* ParstagramUITests.swift in Sources */ = {isa = PBXBuildFile; fileRef = 9B6D5350241C4A6400E15754 /* ParstagramUITests.swift */; };
/* End PBXBuildFile section */

/* Begin PBXContainerItemProxy section */
		9B6D5342241C4A6400E15754 /* PBXContainerItemProxy */ = {
			isa = PBXContainerItemProxy;
			containerPortal = 9B6D5323241C4A5900E15754 /* Project object */;
			proxyType = 1;
			remoteGlobalIDString = 9B6D532A241C4A5900E15754;
			remoteInfo = Parstagram;
		};
		9B6D534D241C4A6400E15754 /* PBXContainerItemProxy */ = {
			isa = PBXContainerItemProxy;
			containerPortal = 9B6D5323241C4A5900E15754 /* Project object */;
			proxyType = 1;
			remoteGlobalIDString = 9B6D532A241C4A5900E15754;
			remoteInfo = Parstagram;
		};
/* End PBXContainerItemProxy section */

/* Begin PBXFileReference section */
		9B6D532B241C4A5900E15754 /* Parstagram.app */ = {isa = PBXFileReference; explicitFileType = wrapper.application; includeInIndex = 0; path = Parstagram.app; sourceTree = BUILT_PRODUCTS_DIR; };
		9B6D532E241C4A5900E15754 /* AppDelegate.swift */ = {isa = PBXFileReference; lastKnownFileType = sourcecode.swift; path = AppDelegate.swift; sourceTree = "<group>"; };
		9B6D5330241C4A5900E15754 /* SceneDelegate.swift */ = {isa = PBXFileReference; lastKnownFileType = sourcecode.swift; path = SceneDelegate.swift; sourceTree = "<group>"; };
		9B6D5332241C4A5900E15754 /* ViewController.swift */ = {isa = PBXFileReference; lastKnownFileType = sourcecode.swift; path = ViewController.swift; sourceTree = "<group>"; };
		9B6D5335241C4A5900E15754 /* Base */ = {isa = PBXFileReference; lastKnownFileType = file.storyboard; name = Base; path = Base.lproj/Main.storyboard; sourceTree = "<group>"; };
		9B6D5337241C4A6300E15754 /* Assets.xcassets */ = {isa = PBXFileReference; lastKnownFileType = folder.assetcatalog; path = Assets.xcassets; sourceTree = "<group>"; };
		9B6D533A241C4A6300E15754 /* Base */ = {isa = PBXFileReference; lastKnownFileType = file.storyboard; name = Base; path = Base.lproj/LaunchScreen.storyboard; sourceTree = "<group>"; };
		9B6D533C241C4A6300E15754 /* Info.plist */ = {isa = PBXFileReference; lastKnownFileType = text.plist.xml; path = Info.plist; sourceTree = "<group>"; };
		9B6D5341241C4A6400E15754 /* ParstagramTests.xctest */ = {isa = PBXFileReference; explicitFileType = wrapper.cfbundle; includeInIndex = 0; path = ParstagramTests.xctest; sourceTree = BUILT_PRODUCTS_DIR; };
		9B6D5345241C4A6400E15754 /* ParstagramTests.swift */ = {isa = PBXFileReference; lastKnownFileType = sourcecode.swift; path = ParstagramTests.swift; sourceTree = "<group>"; };
		9B6D5347241C4A6400E15754 /* Info.plist */ = {isa = PBXFileReference; lastKnownFileType = text.plist.xml; path = Info.plist; sourceTree = "<group>"; };
		9B6D534C241C4A6400E15754 /* ParstagramUITests.xctest */ = {isa = PBXFileReference; explicitFileType = wrapper.cfbundle; includeInIndex = 0; path = ParstagramUITests.xctest; sourceTree = BUILT_PRODUCTS_DIR; };
		9B6D5350241C4A6400E15754 /* ParstagramUITests.swift */ = {isa = PBXFileReference; lastKnownFileType = sourcecode.swift; path = ParstagramUITests.swift; sourceTree = "<group>"; };
		9B6D5352241C4A6400E15754 /* Info.plist */ = {isa = PBXFileReference; lastKnownFileType = text.plist.xml; path = Info.plist; sourceTree = "<group>"; };
/* End PBXFileReference section */

/* Begin PBXFrameworksBuildPhase section */
		9B6D5328241C4A5900E15754 /* Frameworks */ = {
			isa = PBXFrameworksBuildPhase;
			buildActionMask = 2147483647;
			files = (
			);
			runOnlyForDeploymentPostprocessing = 0;
		};
		9B6D533E241C4A6400E15754 /* Frameworks */ = {
			isa = PBXFrameworksBuildPhase;
			buildActionMask = 2147483647;
			files = (
			);
			runOnlyForDeploymentPostprocessing = 0;
		};
		9B6D5349241C4A6400E15754 /* Frameworks */ = {
			isa = PBXFrameworksBuildPhase;
			buildActionMask = 2147483647;
			files = (
			);
			runOnlyForDeploymentPostprocessing = 0;
		};
/* End PBXFrameworksBuildPhase section */

/* Begin PBXGroup section */
		9B6D5322241C4A5900E15754 = {
			isa = PBXGroup;
			children = (
				9B6D532D241C4A5900E15754 /* Parstagram */,
				9B6D5344241C4A6400E15754 /* ParstagramTests */,
				9B6D534F241C4A6400E15754 /* ParstagramUITests */,
				9B6D532C241C4A5900E15754 /* Products */,
			);
			sourceTree = "<group>";
		};
		9B6D532C241C4A5900E15754 /* Products */ = {
			isa = PBXGroup;
			children = (
				9B6D532B241C4A5900E15754 /* Parstagram.app */,
				9B6D5341241C4A6400E15754 /* ParstagramTests.xctest */,
				9B6D534C241C4A6400E15754 /* ParstagramUITests.xctest */,
			);
			name = Products;
			sourceTree = "<group>";
		};
		9B6D532D241C4A5900E15754 /* Parstagram */ = {
			isa = PBXGroup;
			children = (
				9B6D532E241C4A5900E15754 /* AppDelegate.swift */,
				9B6D5330241C4A5900E15754 /* SceneDelegate.swift */,
				9B6D5332241C4A5900E15754 /* ViewController.swift */,
				9B6D5334241C4A5900E15754 /* Main.storyboard */,
				9B6D5337241C4A6300E15754 /* Assets.xcassets */,
				9B6D5339241C4A6300E15754 /* LaunchScreen.storyboard */,
				9B6D533C241C4A6300E15754 /* Info.plist */,
			);
			path = Parstagram;
			sourceTree = "<group>";
		};
		9B6D5344241C4A6400E15754 /* ParstagramTests */ = {
			isa = PBXGroup;
			children = (
				9B6D5345241C4A6400E15754 /* ParstagramTests.swift */,
				9B6D5347241C4A6400E15754 /* Info.plist */,
			);
			path = ParstagramTests;
			sourceTree = "<group>";
		};
		9B6D534F241C4A6400E15754 /* ParstagramUITests */ = {
			isa = PBXGroup;
			children = (
				9B6D5350241C4A6400E15754 /* ParstagramUITests.swift */,
				9B6D5352241C4A6400E15754 /* Info.plist */,
			);
			path = ParstagramUITests;
			sourceTree = "<group>";
		};
/* End PBXGroup section */

/* Begin PBXNativeTarget section */
		9B6D532A241C4A5900E15754 /* Parstagram */ = {
			isa = PBXNativeTarget;
			buildConfigurationList = 9B6D5355241C4A6400E15754 /* Build configuration list for PBXNativeTarget "Parstagram" */;
			buildPhases = (
				9B6D5327241C4A5900E15754 /* Sources */,
				9B6D5328241C4A5900E15754 /* Frameworks */,
				9B6D5329241C4A5900E15754 /* Resources */,
			);
			buildRules = (
			);
			dependencies = (
			);
			name = Parstagram;
			productName = Parstagram;
			productReference = 9B6D532B241C4A5900E15754 /* Parstagram.app */;
			productType = "com.apple.product-type.application";
		};
		9B6D5340241C4A6400E15754 /* ParstagramTests */ = {
			isa = PBXNativeTarget;
			buildConfigurationList = 9B6D5358241C4A6400E15754 /* Build configuration list for PBXNativeTarget "ParstagramTests" */;
			buildPhases = (
				9B6D533D241C4A6400E15754 /* Sources */,
				9B6D533E241C4A6400E15754 /* Frameworks */,
				9B6D533F241C4A6400E15754 /* Resources */,
			);
			buildRules = (
			);
			dependencies = (
				9B6D5343241C4A6400E15754 /* PBXTargetDependency */,
			);
			name = ParstagramTests;
			productName = ParstagramTests;
			productReference = 9B6D5341241C4A6400E15754 /* ParstagramTests.xctest */;
			productType = "com.apple.product-type.bundle.unit-test";
		};
		9B6D534B241C4A6400E15754 /* ParstagramUITests */ = {
			isa = PBXNativeTarget;
			buildConfigurationList = 9B6D535B241C4A6400E15754 /* Build configuration list for PBXNativeTarget "ParstagramUITests" */;
			buildPhases = (
				9B6D5348241C4A6400E15754 /* Sources */,
				9B6D5349241C4A6400E15754 /* Frameworks */,
				9B6D534A241C4A6400E15754 /* Resources */,
			);
			buildRules = (
			);
			dependencies = (
				9B6D534E241C4A6400E15754 /* PBXTargetDependency */,
			);
			name = ParstagramUITests;
			productName = ParstagramUITests;
			productReference = 9B6D534C241C4A6400E15754 /* ParstagramUITests.xctest */;
			productType = "com.apple.product-type.bundle.ui-testing";
		};
/* End PBXNativeTarget section */

/* Begin PBXProject section */
		9B6D5323241C4A5900E15754 /* Project object */ = {
			isa = PBXProject;
			attributes = {
				LastSwiftUpdateCheck = 1130;
				LastUpgradeCheck = 1130;
				ORGANIZATIONNAME = "Amanuel Tesfazgi Tesfamichael";
				TargetAttributes = {
					9B6D532A241C4A5900E15754 = {
						CreatedOnToolsVersion = 11.3.1;
					};
					9B6D5340241C4A6400E15754 = {
						CreatedOnToolsVersion = 11.3.1;
						TestTargetID = 9B6D532A241C4A5900E15754;
					};
					9B6D534B241C4A6400E15754 = {
						CreatedOnToolsVersion = 11.3.1;
						TestTargetID = 9B6D532A241C4A5900E15754;
					};
				};
			};
			buildConfigurationList = 9B6D5326241C4A5900E15754 /* Build configuration list for PBXProject "Parstagram" */;
			compatibilityVersion = "Xcode 9.3";
			developmentRegion = en;
			hasScannedForEncodings = 0;
			knownRegions = (
				en,
				Base,
			);
			mainGroup = 9B6D5322241C4A5900E15754;
			productRefGroup = 9B6D532C241C4A5900E15754 /* Products */;
			projectDirPath = "";
			projectRoot = "";
			targets = (
				9B6D532A241C4A5900E15754 /* Parstagram */,
				9B6D5340241C4A6400E15754 /* ParstagramTests */,
				9B6D534B241C4A6400E15754 /* ParstagramUITests */,
			);
		};
/* End PBXProject section */

/* Begin PBXResourcesBuildPhase section */
		9B6D5329241C4A5900E15754 /* Resources */ = {
			isa = PBXResourcesBuildPhase;
			buildActionMask = 2147483647;
			files = (
				9B6D533B241C4A6300E15754 /* LaunchScreen.storyboard in Resources */,
				9B6D5338241C4A6300E15754 /* Assets.xcassets in Resources */,
				9B6D5336241C4A5900E15754 /* Main.storyboard in Resources */,
			);
			runOnlyForDeploymentPostprocessing = 0;
		};
		9B6D533F241C4A6400E15754 /* Resources */ = {
			isa = PBXResourcesBuildPhase;
			buildActionMask = 2147483647;
			files = (
			);
			runOnlyForDeploymentPostprocessing = 0;
		};
		9B6D534A241C4A6400E15754 /* Resources */ = {
			isa = PBXResourcesBuildPhase;
			buildActionMask = 2147483647;
			files = (
			);
			runOnlyForDeploymentPostprocessing = 0;
		};
/* End PBXResourcesBuildPhase section */

/* Begin PBXSourcesBuildPhase section */
		9B6D5327241C4A5900E15754 /* Sources */ = {
			isa = PBXSourcesBuildPhase;
			buildActionMask = 2147483647;
			files = (
				9B6D5333241C4A5900E15754 /* ViewController.swift in Sources */,
				9B6D532F241C4A5900E15754 /* AppDelegate.swift in Sources */,
				9B6D5331241C4A5900E15754 /* SceneDelegate.swift in Sources */,
			);
			runOnlyForDeploymentPostprocessing = 0;
		};
		9B6D533D241C4A6400E15754 /* Sources */ = {
			isa = PBXSourcesBuildPhase;
			buildActionMask = 2147483647;
			files = (
				9B6D5346241C4A6400E15754 /* ParstagramTests.swift in Sources */,
			);
			runOnlyForDeploymentPostprocessing = 0;
		};
		9B6D5348241C4A6400E15754 /* Sources */ = {
			isa = PBXSourcesBuildPhase;
			buildActionMask = 2147483647;
			files = (
				9B6D5351241C4A6400E15754 /* ParstagramUITests.swift in Sources */,
			);
			runOnlyForDeploymentPostprocessing = 0;
		};
/* End PBXSourcesBuildPhase section */

/* Begin PBXTargetDependency section */
		9B6D5343241C4A6400E15754 /* PBXTargetDependency */ = {
			isa = PBXTargetDependency;
			target = 9B6D532A241C4A5900E15754 /* Parstagram */;
			targetProxy = 9B6D5342241C4A6400E15754 /* PBXContainerItemProxy */;
		};
		9B6D534E241C4A6400E15754 /* PBXTargetDependency */ = {
			isa = PBXTargetDependency;
			target = 9B6D532A241C4A5900E15754 /* Parstagram */;
			targetProxy = 9B6D534D241C4A6400E15754 /* PBXContainerItemProxy */;
		};
/* End PBXTargetDependency section */

/* Begin PBXVariantGroup section */
		9B6D5334241C4A5900E15754 /* Main.storyboard */ = {
			isa = PBXVariantGroup;
			children = (
				9B6D5335241C4A5900E15754 /* Base */,
			);
			name = Main.storyboard;
			sourceTree = "<group>";
		};
		9B6D5339241C4A6300E15754 /* LaunchScreen.storyboard */ = {
			isa = PBXVariantGroup;
			children = (
				9B6D533A241C4A6300E15754 /* Base */,
			);
			name = LaunchScreen.storyboard;
			sourceTree = "<group>";
		};
/* End PBXVariantGroup section */

/* Begin XCBuildConfiguration section */
		9B6D5353241C4A6400E15754 /* Debug */ = {
			isa = XCBuildConfiguration;
			buildSettings = {
				ALWAYS_SEARCH_USER_PATHS = NO;
				CLANG_ANALYZER_NONNULL = YES;
				CLANG_ANALYZER_NUMBER_OBJECT_CONVERSION = YES_AGGRESSIVE;
				CLANG_CXX_LANGUAGE_STANDARD = "gnu++14";
				CLANG_CXX_LIBRARY = "libc++";
				CLANG_ENABLE_MODULES = YES;
				CLANG_ENABLE_OBJC_ARC = YES;
				CLANG_ENABLE_OBJC_WEAK = YES;
				CLANG_WARN_BLOCK_CAPTURE_AUTORELEASING = YES;
				CLANG_WARN_BOOL_CONVERSION = YES;
				CLANG_WARN_COMMA = YES;
				CLANG_WARN_CONSTANT_CONVERSION = YES;
				CLANG_WARN_DEPRECATED_OBJC_IMPLEMENTATIONS = YES;
				CLANG_WARN_DIRECT_OBJC_ISA_USAGE = YES_ERROR;
				CLANG_WARN_DOCUMENTATION_COMMENTS = YES;
				CLANG_WARN_EMPTY_BODY = YES;
				CLANG_WARN_ENUM_CONVERSION = YES;
				CLANG_WARN_INFINITE_RECURSION = YES;
				CLANG_WARN_INT_CONVERSION = YES;
				CLANG_WARN_NON_LITERAL_NULL_CONVERSION = YES;
				CLANG_WARN_OBJC_IMPLICIT_RETAIN_SELF = YES;
				CLANG_WARN_OBJC_LITERAL_CONVERSION = YES;
				CLANG_WARN_OBJC_ROOT_CLASS = YES_ERROR;
				CLANG_WARN_RANGE_LOOP_ANALYSIS = YES;
				CLANG_WARN_STRICT_PROTOTYPES = YES;
				CLANG_WARN_SUSPICIOUS_MOVE = YES;
				CLANG_WARN_UNGUARDED_AVAILABILITY = YES_AGGRESSIVE;
				CLANG_WARN_UNREACHABLE_CODE = YES;
				CLANG_WARN__DUPLICATE_METHOD_MATCH = YES;
				COPY_PHASE_STRIP = NO;
				DEBUG_INFORMATION_FORMAT = dwarf;
				ENABLE_STRICT_OBJC_MSGSEND = YES;
				ENABLE_TESTABILITY = YES;
				GCC_C_LANGUAGE_STANDARD = gnu11;
				GCC_DYNAMIC_NO_PIC = NO;
				GCC_NO_COMMON_BLOCKS = YES;
				GCC_OPTIMIZATION_LEVEL = 0;
				GCC_PREPROCESSOR_DEFINITIONS = (
					"DEBUG=1",
					"$(inherited)",
				);
				GCC_WARN_64_TO_32_BIT_CONVERSION = YES;
				GCC_WARN_ABOUT_RETURN_TYPE = YES_ERROR;
				GCC_WARN_UNDECLARED_SELECTOR = YES;
				GCC_WARN_UNINITIALIZED_AUTOS = YES_AGGRESSIVE;
				GCC_WARN_UNUSED_FUNCTION = YES;
				GCC_WARN_UNUSED_VARIABLE = YES;
				IPHONEOS_DEPLOYMENT_TARGET = 13.2;
				MTL_ENABLE_DEBUG_INFO = INCLUDE_SOURCE;
				MTL_FAST_MATH = YES;
				ONLY_ACTIVE_ARCH = YES;
				SDKROOT = iphoneos;
				SWIFT_ACTIVE_COMPILATION_CONDITIONS = DEBUG;
				SWIFT_OPTIMIZATION_LEVEL = "-Onone";
			};
			name = Debug;
		};
		9B6D5354241C4A6400E15754 /* Release */ = {
			isa = XCBuildConfiguration;
			buildSettings = {
				ALWAYS_SEARCH_USER_PATHS = NO;
				CLANG_ANALYZER_NONNULL = YES;
				CLANG_ANALYZER_NUMBER_OBJECT_CONVERSION = YES_AGGRESSIVE;
				CLANG_CXX_LANGUAGE_STANDARD = "gnu++14";
				CLANG_CXX_LIBRARY = "libc++";
				CLANG_ENABLE_MODULES = YES;
				CLANG_ENABLE_OBJC_ARC = YES;
				CLANG_ENABLE_OBJC_WEAK = YES;
				CLANG_WARN_BLOCK_CAPTURE_AUTORELEASING = YES;
				CLANG_WARN_BOOL_CONVERSION = YES;
				CLANG_WARN_COMMA = YES;
				CLANG_WARN_CONSTANT_CONVERSION = YES;
				CLANG_WARN_DEPRECATED_OBJC_IMPLEMENTATIONS = YES;
				CLANG_WARN_DIRECT_OBJC_ISA_USAGE = YES_ERROR;
				CLANG_WARN_DOCUMENTATION_COMMENTS = YES;
				CLANG_WARN_EMPTY_BODY = YES;
				CLANG_WARN_ENUM_CONVERSION = YES;
				CLANG_WARN_INFINITE_RECURSION = YES;
				CLANG_WARN_INT_CONVERSION = YES;
				CLANG_WARN_NON_LITERAL_NULL_CONVERSION = YES;
				CLANG_WARN_OBJC_IMPLICIT_RETAIN_SELF = YES;
				CLANG_WARN_OBJC_LITERAL_CONVERSION = YES;
				CLANG_WARN_OBJC_ROOT_CLASS = YES_ERROR;
				CLANG_WARN_RANGE_LOOP_ANALYSIS = YES;
				CLANG_WARN_STRICT_PROTOTYPES = YES;
				CLANG_WARN_SUSPICIOUS_MOVE = YES;
				CLANG_WARN_UNGUARDED_AVAILABILITY = YES_AGGRESSIVE;
				CLANG_WARN_UNREACHABLE_CODE = YES;
				CLANG_WARN__DUPLICATE_METHOD_MATCH = YES;
				COPY_PHASE_STRIP = NO;
				DEBUG_INFORMATION_FORMAT = "dwarf-with-dsym";
				ENABLE_NS_ASSERTIONS = NO;
				ENABLE_STRICT_OBJC_MSGSEND = YES;
				GCC_C_LANGUAGE_STANDARD = gnu11;
				GCC_NO_COMMON_BLOCKS = YES;
				GCC_WARN_64_TO_32_BIT_CONVERSION = YES;
				GCC_WARN_ABOUT_RETURN_TYPE = YES_ERROR;
				GCC_WARN_UNDECLARED_SELECTOR = YES;
				GCC_WARN_UNINITIALIZED_AUTOS = YES_AGGRESSIVE;
				GCC_WARN_UNUSED_FUNCTION = YES;
				GCC_WARN_UNUSED_VARIABLE = YES;
				IPHONEOS_DEPLOYMENT_TARGET = 13.2;
				MTL_ENABLE_DEBUG_INFO = NO;
				MTL_FAST_MATH = YES;
				SDKROOT = iphoneos;
				SWIFT_COMPILATION_MODE = wholemodule;
				SWIFT_OPTIMIZATION_LEVEL = "-O";
				VALIDATE_PRODUCT = YES;
			};
			name = Release;
		};
		9B6D5356241C4A6400E15754 /* Debug */ = {
			isa = XCBuildConfiguration;
			buildSettings = {
				ASSETCATALOG_COMPILER_APPICON_NAME = AppIcon;
				CODE_SIGN_STYLE = Automatic;
				INFOPLIST_FILE = Parstagram/Info.plist;
				LD_RUNPATH_SEARCH_PATHS = (
					"$(inherited)",
					"@executable_path/Frameworks",
				);
				PRODUCT_BUNDLE_IDENTIFIER = ICU.Parstagram;
				PRODUCT_NAME = "$(TARGET_NAME)";
				SWIFT_VERSION = 5.0;
				TARGETED_DEVICE_FAMILY = "1,2";
			};
			name = Debug;
		};
		9B6D5357241C4A6400E15754 /* Release */ = {
			isa = XCBuildConfiguration;
			buildSettings = {
				ASSETCATALOG_COMPILER_APPICON_NAME = AppIcon;
				CODE_SIGN_STYLE = Automatic;
				INFOPLIST_FILE = Parstagram/Info.plist;
				LD_RUNPATH_SEARCH_PATHS = (
					"$(inherited)",
					"@executable_path/Frameworks",
				);
				PRODUCT_BUNDLE_IDENTIFIER = ICU.Parstagram;
				PRODUCT_NAME = "$(TARGET_NAME)";
				SWIFT_VERSION = 5.0;
				TARGETED_DEVICE_FAMILY = "1,2";
			};
			name = Release;
		};
		9B6D5359241C4A6400E15754 /* Debug */ = {
			isa = XCBuildConfiguration;
			buildSettings = {
				ALWAYS_EMBED_SWIFT_STANDARD_LIBRARIES = YES;
				BUNDLE_LOADER = "$(TEST_HOST)";
				CODE_SIGN_STYLE = Automatic;
				INFOPLIST_FILE = ParstagramTests/Info.plist;
				IPHONEOS_DEPLOYMENT_TARGET = 13.2;
				LD_RUNPATH_SEARCH_PATHS = (
					"$(inherited)",
					"@executable_path/Frameworks",
					"@loader_path/Frameworks",
				);
				PRODUCT_BUNDLE_IDENTIFIER = ICU.ParstagramTests;
				PRODUCT_NAME = "$(TARGET_NAME)";
				SWIFT_VERSION = 5.0;
				TARGETED_DEVICE_FAMILY = "1,2";
				TEST_HOST = "$(BUILT_PRODUCTS_DIR)/Parstagram.app/Parstagram";
			};
			name = Debug;
		};
		9B6D535A241C4A6400E15754 /* Release */ = {
			isa = XCBuildConfiguration;
			buildSettings = {
				ALWAYS_EMBED_SWIFT_STANDARD_LIBRARIES = YES;
				BUNDLE_LOADER = "$(TEST_HOST)";
				CODE_SIGN_STYLE = Automatic;
				INFOPLIST_FILE = ParstagramTests/Info.plist;
				IPHONEOS_DEPLOYMENT_TARGET = 13.2;
				LD_RUNPATH_SEARCH_PATHS = (
					"$(inherited)",
					"@executable_path/Frameworks",
					"@loader_path/Frameworks",
				);
				PRODUCT_BUNDLE_IDENTIFIER = ICU.ParstagramTests;
				PRODUCT_NAME = "$(TARGET_NAME)";
				SWIFT_VERSION = 5.0;
				TARGETED_DEVICE_FAMILY = "1,2";
				TEST_HOST = "$(BUILT_PRODUCTS_DIR)/Parstagram.app/Parstagram";
			};
			name = Release;
		};
		9B6D535C241C4A6400E15754 /* Debug */ = {
			isa = XCBuildConfiguration;
			buildSettings = {
				ALWAYS_EMBED_SWIFT_STANDARD_LIBRARIES = YES;
				CODE_SIGN_STYLE = Automatic;
				INFOPLIST_FILE = ParstagramUITests/Info.plist;
				LD_RUNPATH_SEARCH_PATHS = (
					"$(inherited)",
					"@executable_path/Frameworks",
					"@loader_path/Frameworks",
				);
				PRODUCT_BUNDLE_IDENTIFIER = ICU.ParstagramUITests;
				PRODUCT_NAME = "$(TARGET_NAME)";
				SWIFT_VERSION = 5.0;
				TARGETED_DEVICE_FAMILY = "1,2";
				TEST_TARGET_NAME = Parstagram;
			};
			name = Debug;
		};
		9B6D535D241C4A6400E15754 /* Release */ = {
			isa = XCBuildConfiguration;
			buildSettings = {
				ALWAYS_EMBED_SWIFT_STANDARD_LIBRARIES = YES;
				CODE_SIGN_STYLE = Automatic;
				INFOPLIST_FILE = ParstagramUITests/Info.plist;
				LD_RUNPATH_SEARCH_PATHS = (
					"$(inherited)",
					"@executable_path/Frameworks",
					"@loader_path/Frameworks",
				);
				PRODUCT_BUNDLE_IDENTIFIER = ICU.ParstagramUITests;
				PRODUCT_NAME = "$(TARGET_NAME)";
				SWIFT_VERSION = 5.0;
				TARGETED_DEVICE_FAMILY = "1,2";
				TEST_TARGET_NAME = Parstagram;
			};
			name = Release;
		};
/* End XCBuildConfiguration section */

/* Begin XCConfigurationList section */
		9B6D5326241C4A5900E15754 /* Build configuration list for PBXProject "Parstagram" */ = {
			isa = XCConfigurationList;
			buildConfigurations = (
				9B6D5353241C4A6400E15754 /* Debug */,
				9B6D5354241C4A6400E15754 /* Release */,
			);
			defaultConfigurationIsVisible = 0;
			defaultConfigurationName = Release;
		};
		9B6D5355241C4A6400E15754 /* Build configuration list for PBXNativeTarget "Parstagram" */ = {
			isa = XCConfigurationList;
			buildConfigurations = (
				9B6D5356241C4A6400E15754 /* Debug */,
				9B6D5357241C4A6400E15754 /* Release */,
			);
			defaultConfigurationIsVisible = 0;
			defaultConfigurationName = Release;
		};
		9B6D5358241C4A6400E15754 /* Build configuration list for PBXNativeTarget "ParstagramTests" */ = {
			isa = XCConfigurationList;
			buildConfigurations = (
				9B6D5359241C4A6400E15754 /* Debug */,
				9B6D535A241C4A6400E15754 /* Release */,
			);
			defaultConfigurationIsVisible = 0;
			defaultConfigurationName = Release;
		};
		9B6D535B241C4A6400E15754 /* Build configuration list for PBXNativeTarget "ParstagramUITests" */ = {
			isa = XCConfigurationList;
			buildConfigurations = (
				9B6D535C241C4A6400E15754 /* Debug */,
				9B6D535D241C4A6400E15754 /* Release */,
			);
			defaultConfigurationIsVisible = 0;
			defaultConfigurationName = Release;
		};
/* End XCConfigurationList section */
	};
	rootObject = 9B6D5323241C4A5900E15754 /* Project object */;
}
